PODS:
  - ActionSheetPicker-3.0 (2.2.0)
  - Alamofire (4.4.0)
  - DATAStack (6.0.1)
  - Locksmith (3.0.0)
  - Mockingjay (2.0.0):
    - Mockingjay/Core (= 2.0.0)
    - Mockingjay/XCTest (= 2.0.0)
  - Mockingjay/Core (2.0.0):
    - URITemplate (~> 2.0)
  - Mockingjay/XCTest (2.0.0):
    - Mockingjay/Core
  - NSManagedObject-HYPPropertyMapper (4.1.4)
  - ProtocolBuffers-Swift (3.0.13)
  - SwiftWebSocket (2.6.5)
  - SwiftyJSON (3.1.4)
  - Sync (2.2.0):
    - DATAStack (~> 6.0.1)
    - NSManagedObject-HYPPropertyMapper (~> 4.1.4)
  - URITemplate (2.0.1)

DEPENDENCIES:
  - ActionSheetPicker-3.0 (~> 2.2.0)
  - Alamofire (~> 4.4.0)
  - Locksmith (~> 3.0.0)
  - Mockingjay (~> 2.0.0)
  - ProtocolBuffers-Swift (~> 3.0.13)
  - SwiftWebSocket (~> 2.6.5)
  - SwiftyJSON (~> 3.1.4)
  - Sync (~> 2.2.0)

SPEC CHECKSUMS:
  ActionSheetPicker-3.0: d11a4c12c6aaf704b8a3f56d179198c99f3e41e6
  Alamofire: dc44b1600b800eb63da6a19039a0083d62a6a62d
  DATAStack: 4138a30db76d535d04f9130847ac59748c6c16aa
  Locksmith: 310b4cc5031af5728bf4db5d4de547a5100c6a3b
  Mockingjay: 7122a3fc0597aa63438e4cd9b71b7bc8aac05b87
  NSManagedObject-HYPPropertyMapper: 0502d7a0dcb8c0c8112757b80e6318a1baf9c486
  ProtocolBuffers-Swift: b1962dbfbd2ccb61b57d6a1825cddf6a03c0dd09
  SwiftWebSocket: 1ef8a0efb023544643bdf480c1ec4a62b204f293
  SwiftyJSON: c2842d878f95482ffceec5709abc3d05680c0220
  Sync: 3be1ae6ae93685770d56b437a224e859989a14d6
  URITemplate: 720b8a56a281494d7c2d31ee33183986eaed2c67

PODFILE CHECKSUM: 85546c9103b326028fef4c871b87b4b20fc4bede

COCOAPODS: 1.2.0
