// !$*UTF8*$!
{
	archiveVersion = 1;
	classes = {
	};
	objectVersion = 46;
	objects = {

/* Begin PBXBuildFile section */
		65107D6720A6A15F0078BEB5 /* AccountStore.swift in Sources */ = {isa = PBXBuildFile; fileRef = 65107D6420A6A15E0078BEB5 /* AccountStore.swift */; };
		65107D6820A6A15F0078BEB5 /* CFStore.xcdatamodeld in Sources */ = {isa = PBXBuildFile; fileRef = 65107D6520A6A15E0078BEB5 /* CFStore.xcdatamodeld */; };
		65107D6A20A6A2FB0078BEB5 /* Session.swift in Sources */ = {isa = PBXBuildFile; fileRef = 65107D6920A6A2FB0078BEB5 /* Session.swift */; };
		6512BC9F1D27355500FD87EB /* VendorPicker.swift in Sources */ = {isa = PBXBuildFile; fileRef = 6512BC9E1D27355500FD87EB /* VendorPicker.swift */; };
		652CA1C31CB200E3004B714A /* LogsViewControllerTests.swift in Sources */ = {isa = PBXBuildFile; fileRef = 652CA1C11CB1FF37004B714A /* LogsViewControllerTests.swift */; };
		653CC9751CBAD5A700315E22 /* AppDelegateTests.swift in Sources */ = {isa = PBXBuildFile; fileRef = 653CC9731CBAD5A300315E22 /* AppDelegateTests.swift */; };
		65414EA61CA7610900B17589 /* LogsViewController.swift in Sources */ = {isa = PBXBuildFile; fileRef = 65414EA51CA7610900B17589 /* LogsViewController.swift */; };
		654C207D1D581E4A00B99276 /* Alert.swift in Sources */ = {isa = PBXBuildFile; fileRef = 654C207C1D581E4A00B99276 /* Alert.swift */; };
		654C879B1C1A4A4500C0C79C /* OrgPicker.swift in Sources */ = {isa = PBXBuildFile; fileRef = 654C879A1C1A4A4500C0C79C /* OrgPicker.swift */; };
		655B442E1B5305FD009ED489 /* AppsViewController.swift in Sources */ = {isa = PBXBuildFile; fileRef = 655B442C1B5305FD009ED489 /* AppsViewController.swift */; };
		655B44401B530E1A009ED489 /* LoginViewController.swift in Sources */ = {isa = PBXBuildFile; fileRef = 655B443F1B530E1A009ED489 /* LoginViewController.swift */; };
		65671C331B97D858003F4DC9 /* AppViewController.swift in Sources */ = {isa = PBXBuildFile; fileRef = 65671C321B97D857003F4DC9 /* AppViewController.swift */; };
		6568AD881D2B295500502051 /* AccountsViewController.swift in Sources */ = {isa = PBXBuildFile; fileRef = 6568AD871D2B295500502051 /* AccountsViewController.swift */; };
		65782EEA1BC08A510005040F /* InstancesViewController.swift in Sources */ = {isa = PBXBuildFile; fileRef = 65782EE91BC08A510005040F /* InstancesViewController.swift */; };
		65ABCB181D17256800268563 /* AppTableViewCell.swift in Sources */ = {isa = PBXBuildFile; fileRef = 65ABCB171D17256800268563 /* AppTableViewCell.swift */; };
		65B0317020300C29001CA690 /* String.swift in Sources */ = {isa = PBXBuildFile; fileRef = 65B0316F20300C29001CA690 /* String.swift */; };
		65C8E1E81CB06401004FD199 /* LoginViewControllerTests.swift in Sources */ = {isa = PBXBuildFile; fileRef = 65C6FE3F1C70437C0083C4A1 /* LoginViewControllerTests.swift */; };
		65C942751D695BE400C4D9B0 /* StringTests.swift in Sources */ = {isa = PBXBuildFile; fileRef = 65C942741D695BE400C4D9B0 /* StringTests.swift */; };
		65DF28A71BEEF11F0081B834 /* ServicesViewController.swift in Sources */ = {isa = PBXBuildFile; fileRef = 65DF28A61BEEF11F0081B834 /* ServicesViewController.swift */; };
		65E2102120B2FFB500B40F1C /* CF_Apps_UITests.swift in Sources */ = {isa = PBXBuildFile; fileRef = 65E2102020B2FFB500B40F1C /* CF_Apps_UITests.swift */; };
		65E2102820B3055600B40F1C /* vendors.plist in Resources */ = {isa = PBXBuildFile; fileRef = 65EBCB841D1EE49100545CEF /* vendors.plist */; };
		65EBCB851D1EE49100545CEF /* vendors.plist in Resources */ = {isa = PBXBuildFile; fileRef = 65EBCB841D1EE49100545CEF /* vendors.plist */; };
		65EE6FCC1B4712A70047519D /* Images.xcassets in Resources */ = {isa = PBXBuildFile; fileRef = 65EE6FCB1B4712A70047519D /* Images.xcassets */; };
		65EE6FCE1B4712B30047519D /* AppDelegate.swift in Sources */ = {isa = PBXBuildFile; fileRef = 65EE6FCD1B4712B30047519D /* AppDelegate.swift */; };
		65EE6FDD1B4713E80047519D /* LaunchScreen.xib in Resources */ = {isa = PBXBuildFile; fileRef = 65EE6FD91B4713E80047519D /* LaunchScreen.xib */; };
		65EE6FDE1B4713E80047519D /* Main.storyboard in Resources */ = {isa = PBXBuildFile; fileRef = 65EE6FDB1B4713E80047519D /* Main.storyboard */; };
		65F523671D17357A00EA4F0E /* LoadingIndicatorView.swift in Sources */ = {isa = PBXBuildFile; fileRef = 65F523661D17357A00EA4F0E /* LoadingIndicatorView.swift */; };
		798BB1C644C95EC813DD8DA6 /* Pods_CF_Apps.framework in Frameworks */ = {isa = PBXBuildFile; fileRef = 95375C5246A4C5C788911A3B /* Pods_CF_Apps.framework */; };
		BAD166E4F21C9CEC71309345 /* Pods_CF_Apps_UITests.framework in Frameworks */ = {isa = PBXBuildFile; fileRef = 08FA8485E9510FB2BD7AF18E /* Pods_CF_Apps_UITests.framework */; };
		D821273F1CF2787E0053E6B2 /* EventsViewController.swift in Sources */ = {isa = PBXBuildFile; fileRef = D821273E1CF2787E0053E6B2 /* EventsViewController.swift */; };
		D85E455A1D4E68A70084FCD3 /* Vendor.swift in Sources */ = {isa = PBXBuildFile; fileRef = D85E45581D4E66000084FCD3 /* Vendor.swift */; };
		D85E455C1D4E6EAD0084FCD3 /* VendorsTests.swift in Sources */ = {isa = PBXBuildFile; fileRef = D85E455B1D4E6EAD0084FCD3 /* VendorsTests.swift */; };
/* End PBXBuildFile section */

/* Begin PBXContainerItemProxy section */
		651C848F1B2A7FB60006DC3A /* PBXContainerItemProxy */ = {
			isa = PBXContainerItemProxy;
			containerPortal = 651C846E1B2A7FB50006DC3A /* Project object */;
			proxyType = 1;
			remoteGlobalIDString = 651C84751B2A7FB50006DC3A;
			remoteInfo = "CF Commander";
		};
		65E2102320B2FFB500B40F1C /* PBXContainerItemProxy */ = {
			isa = PBXContainerItemProxy;
			containerPortal = 651C846E1B2A7FB50006DC3A /* Project object */;
			proxyType = 1;
			remoteGlobalIDString = 651C84751B2A7FB50006DC3A;
			remoteInfo = "CF Apps";
		};
/* End PBXContainerItemProxy section */

/* Begin PBXFileReference section */
		08FA8485E9510FB2BD7AF18E /* Pods_CF_Apps_UITests.framework */ = {isa = PBXFileReference; explicitFileType = wrapper.framework; includeInIndex = 0; path = Pods_CF_Apps_UITests.framework; sourceTree = BUILT_PRODUCTS_DIR; };
		2312A5DE6F7BD2149BCFE9E7 /* Pods-CF Apps.debug.xcconfig */ = {isa = PBXFileReference; includeInIndex = 1; lastKnownFileType = text.xcconfig; name = "Pods-CF Apps.debug.xcconfig"; path = "Pods/Target Support Files/Pods-CF Apps/Pods-CF Apps.debug.xcconfig"; sourceTree = "<group>"; };
		2AB6733ECB9EC4230FB18E6D /* Pods-CF Apps UITests.debug.xcconfig */ = {isa = PBXFileReference; includeInIndex = 1; lastKnownFileType = text.xcconfig; name = "Pods-CF Apps UITests.debug.xcconfig"; path = "Pods/Target Support Files/Pods-CF Apps UITests/Pods-CF Apps UITests.debug.xcconfig"; sourceTree = "<group>"; };
		65107D6420A6A15E0078BEB5 /* AccountStore.swift */ = {isa = PBXFileReference; fileEncoding = 4; lastKnownFileType = sourcecode.swift; path = AccountStore.swift; sourceTree = "<group>"; };
		65107D6620A6A15E0078BEB5 /* CFStore.xcdatamodel */ = {isa = PBXFileReference; lastKnownFileType = wrapper.xcdatamodel; path = CFStore.xcdatamodel; sourceTree = "<group>"; };
		65107D6920A6A2FB0078BEB5 /* Session.swift */ = {isa = PBXFileReference; lastKnownFileType = sourcecode.swift; path = Session.swift; sourceTree = "<group>"; };
		6512BC9E1D27355500FD87EB /* VendorPicker.swift */ = {isa = PBXFileReference; fileEncoding = 4; lastKnownFileType = sourcecode.swift; path = VendorPicker.swift; sourceTree = "<group>"; };
		651C84761B2A7FB50006DC3A /* CF Apps.app */ = {isa = PBXFileReference; explicitFileType = wrapper.application; includeInIndex = 0; path = "CF Apps.app"; sourceTree = BUILT_PRODUCTS_DIR; };
		651C848E1B2A7FB60006DC3A /* CF Apps Tests.xctest */ = {isa = PBXFileReference; explicitFileType = wrapper.cfbundle; includeInIndex = 0; path = "CF Apps Tests.xctest"; sourceTree = BUILT_PRODUCTS_DIR; };
		652CA1C11CB1FF37004B714A /* LogsViewControllerTests.swift */ = {isa = PBXFileReference; fileEncoding = 4; lastKnownFileType = sourcecode.swift; name = LogsViewControllerTests.swift; path = "CF AppsTests/Views/LogsViewControllerTests.swift"; sourceTree = "<group>"; };
		653CC9731CBAD5A300315E22 /* AppDelegateTests.swift */ = {isa = PBXFileReference; fileEncoding = 4; lastKnownFileType = sourcecode.swift; name = AppDelegateTests.swift; path = "CF AppsTests/AppDelegateTests.swift"; sourceTree = "<group>"; };
		65414EA51CA7610900B17589 /* LogsViewController.swift */ = {isa = PBXFileReference; fileEncoding = 4; lastKnownFileType = sourcecode.swift; path = LogsViewController.swift; sourceTree = "<group>"; };
		654C207C1D581E4A00B99276 /* Alert.swift */ = {isa = PBXFileReference; fileEncoding = 4; lastKnownFileType = sourcecode.swift; path = Alert.swift; sourceTree = "<group>"; };
		654C879A1C1A4A4500C0C79C /* OrgPicker.swift */ = {isa = PBXFileReference; fileEncoding = 4; lastKnownFileType = sourcecode.swift; path = OrgPicker.swift; sourceTree = "<group>"; };
		655B442C1B5305FD009ED489 /* AppsViewController.swift */ = {isa = PBXFileReference; fileEncoding = 4; lastKnownFileType = sourcecode.swift; path = AppsViewController.swift; sourceTree = "<group>"; };
		655B44311B53060E009ED489 /* Info.plist */ = {isa = PBXFileReference; fileEncoding = 4; lastKnownFileType = text.plist.xml; path = Info.plist; sourceTree = "<group>"; };
		655B443F1B530E1A009ED489 /* LoginViewController.swift */ = {isa = PBXFileReference; fileEncoding = 4; lastKnownFileType = sourcecode.swift; path = LoginViewController.swift; sourceTree = "<group>"; };
		65671C321B97D857003F4DC9 /* AppViewController.swift */ = {isa = PBXFileReference; fileEncoding = 4; lastKnownFileType = sourcecode.swift; path = AppViewController.swift; sourceTree = "<group>"; };
		6568AD871D2B295500502051 /* AccountsViewController.swift */ = {isa = PBXFileReference; fileEncoding = 4; lastKnownFileType = sourcecode.swift; path = AccountsViewController.swift; sourceTree = "<group>"; };
		65782EE91BC08A510005040F /* InstancesViewController.swift */ = {isa = PBXFileReference; fileEncoding = 4; lastKnownFileType = sourcecode.swift; path = InstancesViewController.swift; sourceTree = "<group>"; };
		658618E720B09D1E00CB8108 /* CFoundry_iOS.framework */ = {isa = PBXFileReference; lastKnownFileType = wrapper.framework; name = CFoundry_iOS.framework; path = ../CFoundry/Carthage/Build/iOS/CFoundry_iOS.framework; sourceTree = "<group>"; };
		65ABCB171D17256800268563 /* AppTableViewCell.swift */ = {isa = PBXFileReference; fileEncoding = 4; lastKnownFileType = sourcecode.swift; path = AppTableViewCell.swift; sourceTree = "<group>"; };
		65B0316F20300C29001CA690 /* String.swift */ = {isa = PBXFileReference; lastKnownFileType = sourcecode.swift; path = String.swift; sourceTree = "<group>"; };
		65C6FE3F1C70437C0083C4A1 /* LoginViewControllerTests.swift */ = {isa = PBXFileReference; fileEncoding = 4; lastKnownFileType = sourcecode.swift; name = LoginViewControllerTests.swift; path = "CF AppsTests/Views/LoginViewControllerTests.swift"; sourceTree = "<group>"; };
		65C942741D695BE400C4D9B0 /* StringTests.swift */ = {isa = PBXFileReference; fileEncoding = 4; lastKnownFileType = sourcecode.swift; name = StringTests.swift; path = "CF AppsTests/Extensions/StringTests.swift"; sourceTree = "<group>"; };
		65DF28A61BEEF11F0081B834 /* ServicesViewController.swift */ = {isa = PBXFileReference; fileEncoding = 4; lastKnownFileType = sourcecode.swift; path = ServicesViewController.swift; sourceTree = "<group>"; };
		65E2101E20B2FFB400B40F1C /* CF Apps UITests.xctest */ = {isa = PBXFileReference; explicitFileType = wrapper.cfbundle; includeInIndex = 0; path = "CF Apps UITests.xctest"; sourceTree = BUILT_PRODUCTS_DIR; };
		65E2102020B2FFB500B40F1C /* CF_Apps_UITests.swift */ = {isa = PBXFileReference; lastKnownFileType = sourcecode.swift; path = CF_Apps_UITests.swift; sourceTree = "<group>"; };
		65E2102220B2FFB500B40F1C /* Info.plist */ = {isa = PBXFileReference; lastKnownFileType = text.plist.xml; path = Info.plist; sourceTree = "<group>"; };
		65EBCB841D1EE49100545CEF /* vendors.plist */ = {isa = PBXFileReference; fileEncoding = 4; lastKnownFileType = text.plist.xml; name = vendors.plist; path = "CF Apps/Supporting Files/vendors.plist"; sourceTree = SOURCE_ROOT; };
		65EE6FCB1B4712A70047519D /* Images.xcassets */ = {isa = PBXFileReference; lastKnownFileType = folder.assetcatalog; name = Images.xcassets; path = "CF Apps/Images.xcassets"; sourceTree = SOURCE_ROOT; };
		65EE6FCD1B4712B30047519D /* AppDelegate.swift */ = {isa = PBXFileReference; fileEncoding = 4; lastKnownFileType = sourcecode.swift; name = AppDelegate.swift; path = "CF Apps/AppDelegate.swift"; sourceTree = SOURCE_ROOT; };
		65EE6FDA1B4713E80047519D /* Base */ = {isa = PBXFileReference; lastKnownFileType = file.xib; name = Base; path = "CF Apps/Base.lproj/LaunchScreen.xib"; sourceTree = SOURCE_ROOT; };
		65EE6FDC1B4713E80047519D /* Base */ = {isa = PBXFileReference; lastKnownFileType = file.storyboard; name = Base; path = "CF Apps/Base.lproj/Main.storyboard"; sourceTree = SOURCE_ROOT; };
		65F523661D17357A00EA4F0E /* LoadingIndicatorView.swift */ = {isa = PBXFileReference; fileEncoding = 4; lastKnownFileType = sourcecode.swift; path = LoadingIndicatorView.swift; sourceTree = "<group>"; };
		7F2E50BFA82639DC15FAA7BE /* Pods-CF Apps UITests.release.xcconfig */ = {isa = PBXFileReference; includeInIndex = 1; lastKnownFileType = text.xcconfig; name = "Pods-CF Apps UITests.release.xcconfig"; path = "Pods/Target Support Files/Pods-CF Apps UITests/Pods-CF Apps UITests.release.xcconfig"; sourceTree = "<group>"; };
		95375C5246A4C5C788911A3B /* Pods_CF_Apps.framework */ = {isa = PBXFileReference; explicitFileType = wrapper.framework; includeInIndex = 0; path = Pods_CF_Apps.framework; sourceTree = BUILT_PRODUCTS_DIR; };
		D821273E1CF2787E0053E6B2 /* EventsViewController.swift */ = {isa = PBXFileReference; fileEncoding = 4; lastKnownFileType = sourcecode.swift; path = EventsViewController.swift; sourceTree = "<group>"; };
		D85E45581D4E66000084FCD3 /* Vendor.swift */ = {isa = PBXFileReference; fileEncoding = 4; lastKnownFileType = sourcecode.swift; path = Vendor.swift; sourceTree = "<group>"; };
		D85E455B1D4E6EAD0084FCD3 /* VendorsTests.swift */ = {isa = PBXFileReference; fileEncoding = 4; lastKnownFileType = sourcecode.swift; name = VendorsTests.swift; path = "CF AppsTests/Models/VendorsTests.swift"; sourceTree = "<group>"; };
		D97DFC5CE063B721BBA89761 /* Pods-CF Apps.release.xcconfig */ = {isa = PBXFileReference; includeInIndex = 1; lastKnownFileType = text.xcconfig; name = "Pods-CF Apps.release.xcconfig"; path = "Pods/Target Support Files/Pods-CF Apps/Pods-CF Apps.release.xcconfig"; sourceTree = "<group>"; };
/* End PBXFileReference section */

/* Begin PBXFrameworksBuildPhase section */
		19BA5FE226052FF747E9F688 /* Frameworks */ = {
			isa = PBXFrameworksBuildPhase;
			buildActionMask = 2147483647;
			files = (
				798BB1C644C95EC813DD8DA6 /* Pods_CF_Apps.framework in Frameworks */,
			);
			runOnlyForDeploymentPostprocessing = 0;
		};
		651C848B1B2A7FB60006DC3A /* Frameworks */ = {
			isa = PBXFrameworksBuildPhase;
			buildActionMask = 2147483647;
			files = (
			);
			runOnlyForDeploymentPostprocessing = 0;
		};
		65E2101B20B2FFB400B40F1C /* Frameworks */ = {
			isa = PBXFrameworksBuildPhase;
			buildActionMask = 2147483647;
			files = (
				BAD166E4F21C9CEC71309345 /* Pods_CF_Apps_UITests.framework in Frameworks */,
			);
			runOnlyForDeploymentPostprocessing = 0;
		};
/* End PBXFrameworksBuildPhase section */

/* Begin PBXGroup section */
		1ACF3268122943315B9AFF3E /* Pods */ = {
			isa = PBXGroup;
			children = (
				2312A5DE6F7BD2149BCFE9E7 /* Pods-CF Apps.debug.xcconfig */,
				D97DFC5CE063B721BBA89761 /* Pods-CF Apps.release.xcconfig */,
				2AB6733ECB9EC4230FB18E6D /* Pods-CF Apps UITests.debug.xcconfig */,
				7F2E50BFA82639DC15FAA7BE /* Pods-CF Apps UITests.release.xcconfig */,
			);
			name = Pods;
			sourceTree = "<group>";
		};
		65032FE11B61CD12007E7DA3 /* CF Apps Tests */ = {
			isa = PBXGroup;
			children = (
				653CC9731CBAD5A300315E22 /* AppDelegateTests.swift */,
				65C942711D695BA400C4D9B0 /* Extensions */,
				65032FE21B61CD39007E7DA3 /* Models */,
				6512BC9A1D223C2700FD87EB /* Suppoting Files */,
				65C6FE3C1C7043240083C4A1 /* Views */,
			);
			name = "CF Apps Tests";
			sourceTree = "<group>";
		};
		65032FE21B61CD39007E7DA3 /* Models */ = {
			isa = PBXGroup;
			children = (
				D85E455B1D4E6EAD0084FCD3 /* VendorsTests.swift */,
			);
			name = Models;
			sourceTree = "<group>";
		};
		65107D6320A6A15E0078BEB5 /* Data */ = {
			isa = PBXGroup;
			children = (
				65107D6420A6A15E0078BEB5 /* AccountStore.swift */,
				65107D6520A6A15E0078BEB5 /* CFStore.xcdatamodeld */,
				65107D6920A6A2FB0078BEB5 /* Session.swift */,
			);
			path = Data;
			sourceTree = "<group>";
		};
		6512BC9A1D223C2700FD87EB /* Suppoting Files */ = {
			isa = PBXGroup;
			children = (
			);
			name = "Suppoting Files";
			sourceTree = "<group>";
		};
		651C846D1B2A7FB50006DC3A = {
			isa = PBXGroup;
			children = (
				651C84781B2A7FB50006DC3A /* CF Apps */,
				65032FE11B61CD12007E7DA3 /* CF Apps Tests */,
				65E2101F20B2FFB500B40F1C /* CF Apps UITests */,
				651C84771B2A7FB50006DC3A /* Products */,
				77D87071A9E144F2D893D789 /* Frameworks */,
				1ACF3268122943315B9AFF3E /* Pods */,
			);
			sourceTree = "<group>";
		};
		651C84771B2A7FB50006DC3A /* Products */ = {
			isa = PBXGroup;
			children = (
				651C84761B2A7FB50006DC3A /* CF Apps.app */,
				651C848E1B2A7FB60006DC3A /* CF Apps Tests.xctest */,
				65E2101E20B2FFB400B40F1C /* CF Apps UITests.xctest */,
			);
			name = Products;
			sourceTree = "<group>";
		};
		651C84781B2A7FB50006DC3A /* CF Apps */ = {
			isa = PBXGroup;
			children = (
				65EE6FCD1B4712B30047519D /* AppDelegate.swift */,
				65107D6320A6A15E0078BEB5 /* Data */,
				65B0316E20300C04001CA690 /* Extensions */,
				65EE6FD91B4713E80047519D /* LaunchScreen.xib */,
				65EE6FDB1B4713E80047519D /* Main.storyboard */,
				655B44361B530622009ED489 /* Models */,
				651C849E1B2A92A30006DC3A /* Resources */,
				655B44301B53060E009ED489 /* Supporting Files */,
				655B442B1B5305FD009ED489 /* Views */,
			);
			path = "CF Apps";
			sourceTree = "<group>";
		};
		651C849E1B2A92A30006DC3A /* Resources */ = {
			isa = PBXGroup;
			children = (
				65EE6FCB1B4712A70047519D /* Images.xcassets */,
			);
			name = Resources;
			sourceTree = "<group>";
		};
		655B442B1B5305FD009ED489 /* Views */ = {
			isa = PBXGroup;
			children = (
				6568AD871D2B295500502051 /* AccountsViewController.swift */,
				654C207C1D581E4A00B99276 /* Alert.swift */,
				655B442C1B5305FD009ED489 /* AppsViewController.swift */,
				65ABCB171D17256800268563 /* AppTableViewCell.swift */,
				65671C321B97D857003F4DC9 /* AppViewController.swift */,
				D821273E1CF2787E0053E6B2 /* EventsViewController.swift */,
				65782EE91BC08A510005040F /* InstancesViewController.swift */,
				65F523661D17357A00EA4F0E /* LoadingIndicatorView.swift */,
				655B443F1B530E1A009ED489 /* LoginViewController.swift */,
				65414EA51CA7610900B17589 /* LogsViewController.swift */,
				654C879A1C1A4A4500C0C79C /* OrgPicker.swift */,
				65DF28A61BEEF11F0081B834 /* ServicesViewController.swift */,
				6512BC9E1D27355500FD87EB /* VendorPicker.swift */,
			);
			name = Views;
			path = "CF Apps/Views";
			sourceTree = SOURCE_ROOT;
		};
		655B44301B53060E009ED489 /* Supporting Files */ = {
			isa = PBXGroup;
			children = (
				655B44311B53060E009ED489 /* Info.plist */,
				65EBCB841D1EE49100545CEF /* vendors.plist */,
			);
			name = "Supporting Files";
			path = "CF Apps/Supporting Files";
			sourceTree = SOURCE_ROOT;
		};
		655B44361B530622009ED489 /* Models */ = {
			isa = PBXGroup;
			children = (
				D85E45581D4E66000084FCD3 /* Vendor.swift */,
			);
			name = Models;
			path = "CF Apps/Models";
			sourceTree = SOURCE_ROOT;
		};
		65B0316E20300C04001CA690 /* Extensions */ = {
			isa = PBXGroup;
			children = (
				65B0316F20300C29001CA690 /* String.swift */,
			);
			path = Extensions;
			sourceTree = "<group>";
		};
		65C6FE3C1C7043240083C4A1 /* Views */ = {
			isa = PBXGroup;
			children = (
				65C6FE3F1C70437C0083C4A1 /* LoginViewControllerTests.swift */,
				652CA1C11CB1FF37004B714A /* LogsViewControllerTests.swift */,
			);
			name = Views;
			sourceTree = "<group>";
		};
		65C942711D695BA400C4D9B0 /* Extensions */ = {
			isa = PBXGroup;
			children = (
				65C942741D695BE400C4D9B0 /* StringTests.swift */,
			);
			name = Extensions;
			sourceTree = "<group>";
		};
		65E2101F20B2FFB500B40F1C /* CF Apps UITests */ = {
			isa = PBXGroup;
			children = (
				65E2102020B2FFB500B40F1C /* CF_Apps_UITests.swift */,
				65E2102220B2FFB500B40F1C /* Info.plist */,
			);
			path = "CF Apps UITests";
			sourceTree = "<group>";
		};
		77D87071A9E144F2D893D789 /* Frameworks */ = {
			isa = PBXGroup;
			children = (
				658618E720B09D1E00CB8108 /* CFoundry_iOS.framework */,
				95375C5246A4C5C788911A3B /* Pods_CF_Apps.framework */,
				08FA8485E9510FB2BD7AF18E /* Pods_CF_Apps_UITests.framework */,
			);
			name = Frameworks;
			sourceTree = "<group>";
		};
/* End PBXGroup section */

/* Begin PBXNativeTarget section */
		651C84751B2A7FB50006DC3A /* CF Apps */ = {
			isa = PBXNativeTarget;
			buildConfigurationList = 651C84981B2A7FB60006DC3A /* Build configuration list for PBXNativeTarget "CF Apps" */;
			buildPhases = (
				2440486A3164EA80B0B22CEB /* [CP] Check Pods Manifest.lock */,
				651C84721B2A7FB50006DC3A /* Sources */,
				651C84741B2A7FB50006DC3A /* Resources */,
				19BA5FE226052FF747E9F688 /* Frameworks */,
				8FE1051A836C8F11092E6E20 /* [CP] Embed Pods Frameworks */,
			);
			buildRules = (
			);
			dependencies = (
			);
			name = "CF Apps";
			productName = "CF Commander";
			productReference = 651C84761B2A7FB50006DC3A /* CF Apps.app */;
			productType = "com.apple.product-type.application";
		};
		651C848D1B2A7FB60006DC3A /* CF Apps Tests */ = {
			isa = PBXNativeTarget;
			buildConfigurationList = 651C849B1B2A7FB60006DC3A /* Build configuration list for PBXNativeTarget "CF Apps Tests" */;
			buildPhases = (
				651C848A1B2A7FB60006DC3A /* Sources */,
				651C848B1B2A7FB60006DC3A /* Frameworks */,
				651C848C1B2A7FB60006DC3A /* Resources */,
			);
			buildRules = (
			);
			dependencies = (
				651C84901B2A7FB60006DC3A /* PBXTargetDependency */,
			);
			name = "CF Apps Tests";
			productName = "CF CommanderTests";
			productReference = 651C848E1B2A7FB60006DC3A /* CF Apps Tests.xctest */;
			productType = "com.apple.product-type.bundle.unit-test";
		};
		65E2101D20B2FFB400B40F1C /* CF Apps UITests */ = {
			isa = PBXNativeTarget;
			buildConfigurationList = 65E2102720B2FFB500B40F1C /* Build configuration list for PBXNativeTarget "CF Apps UITests" */;
			buildPhases = (
				20EE2C1574E04BEE29BB737A /* [CP] Check Pods Manifest.lock */,
				65E2101A20B2FFB400B40F1C /* Sources */,
				65E2101B20B2FFB400B40F1C /* Frameworks */,
				65E2101C20B2FFB400B40F1C /* Resources */,
				434DAC9AFAC972C69558ECDB /* [CP] Embed Pods Frameworks */,
			);
			buildRules = (
			);
			dependencies = (
				65E2102420B2FFB500B40F1C /* PBXTargetDependency */,
			);
			name = "CF Apps UITests";
			productName = "CF Apps UITests";
			productReference = 65E2101E20B2FFB400B40F1C /* CF Apps UITests.xctest */;
			productType = "com.apple.product-type.bundle.ui-testing";
		};
/* End PBXNativeTarget section */

/* Begin PBXProject section */
		651C846E1B2A7FB50006DC3A /* Project object */ = {
			isa = PBXProject;
			attributes = {
				LastSwiftUpdateCheck = 0930;
				LastUpgradeCheck = 0920;
				ORGANIZATIONNAME = "Dwayne Forde";
				TargetAttributes = {
					651C84751B2A7FB50006DC3A = {
						CreatedOnToolsVersion = 6.3;
						DevelopmentTeam = 4CPT54BT54;
						LastSwiftMigration = 0800;
					};
					651C848D1B2A7FB60006DC3A = {
						CreatedOnToolsVersion = 6.3;
						DevelopmentTeam = 4CPT54BT54;
						LastSwiftMigration = 0800;
						TestTargetID = 651C84751B2A7FB50006DC3A;
					};
					65E2101D20B2FFB400B40F1C = {
						CreatedOnToolsVersion = 9.3.1;
						DevelopmentTeam = 4CPT54BT54;
						ProvisioningStyle = Automatic;
						TestTargetID = 651C84751B2A7FB50006DC3A;
					};
				};
			};
			buildConfigurationList = 651C84711B2A7FB50006DC3A /* Build configuration list for PBXProject "CF Apps" */;
			compatibilityVersion = "Xcode 3.2";
			developmentRegion = English;
			hasScannedForEncodings = 0;
			knownRegions = (
				en,
				Base,
			);
			mainGroup = 651C846D1B2A7FB50006DC3A;
			productRefGroup = 651C84771B2A7FB50006DC3A /* Products */;
			projectDirPath = "";
			projectRoot = "";
			targets = (
				651C84751B2A7FB50006DC3A /* CF Apps */,
				651C848D1B2A7FB60006DC3A /* CF Apps Tests */,
				65E2101D20B2FFB400B40F1C /* CF Apps UITests */,
			);
		};
/* End PBXProject section */

/* Begin PBXResourcesBuildPhase section */
		651C84741B2A7FB50006DC3A /* Resources */ = {
			isa = PBXResourcesBuildPhase;
			buildActionMask = 2147483647;
			files = (
				65EBCB851D1EE49100545CEF /* vendors.plist in Resources */,
				65EE6FDD1B4713E80047519D /* LaunchScreen.xib in Resources */,
				65EE6FDE1B4713E80047519D /* Main.storyboard in Resources */,
				65EE6FCC1B4712A70047519D /* Images.xcassets in Resources */,
			);
			runOnlyForDeploymentPostprocessing = 0;
		};
		651C848C1B2A7FB60006DC3A /* Resources */ = {
			isa = PBXResourcesBuildPhase;
			buildActionMask = 2147483647;
			files = (
			);
			runOnlyForDeploymentPostprocessing = 0;
		};
		65E2101C20B2FFB400B40F1C /* Resources */ = {
			isa = PBXResourcesBuildPhase;
			buildActionMask = 2147483647;
			files = (
				65E2102820B3055600B40F1C /* vendors.plist in Resources */,
			);
			runOnlyForDeploymentPostprocessing = 0;
		};
/* End PBXResourcesBuildPhase section */

/* Begin PBXShellScriptBuildPhase section */
		20EE2C1574E04BEE29BB737A /* [CP] Check Pods Manifest.lock */ = {
			isa = PBXShellScriptBuildPhase;
			buildActionMask = 2147483647;
			files = (
			);
			inputPaths = (
				"${PODS_PODFILE_DIR_PATH}/Podfile.lock",
				"${PODS_ROOT}/Manifest.lock",
			);
			name = "[CP] Check Pods Manifest.lock";
			outputPaths = (
				"$(DERIVED_FILE_DIR)/Pods-CF Apps UITests-checkManifestLockResult.txt",
			);
			runOnlyForDeploymentPostprocessing = 0;
			shellPath = /bin/sh;
			shellScript = "diff \"${PODS_PODFILE_DIR_PATH}/Podfile.lock\" \"${PODS_ROOT}/Manifest.lock\" > /dev/null\nif [ $? != 0 ] ; then\n    # print error to STDERR\n    echo \"error: The sandbox is not in sync with the Podfile.lock. Run 'pod install' or update your CocoaPods installation.\" >&2\n    exit 1\nfi\n# This output is used by Xcode 'outputs' to avoid re-running this script phase.\necho \"SUCCESS\" > \"${SCRIPT_OUTPUT_FILE_0}\"\n";
			showEnvVarsInLog = 0;
		};
		2440486A3164EA80B0B22CEB /* [CP] Check Pods Manifest.lock */ = {
			isa = PBXShellScriptBuildPhase;
			buildActionMask = 2147483647;
			files = (
			);
			inputPaths = (
				"${PODS_PODFILE_DIR_PATH}/Podfile.lock",
				"${PODS_ROOT}/Manifest.lock",
			);
			name = "[CP] Check Pods Manifest.lock";
			outputPaths = (
				"$(DERIVED_FILE_DIR)/Pods-CF Apps-checkManifestLockResult.txt",
			);
			runOnlyForDeploymentPostprocessing = 0;
			shellPath = /bin/sh;
			shellScript = "diff \"${PODS_PODFILE_DIR_PATH}/Podfile.lock\" \"${PODS_ROOT}/Manifest.lock\" > /dev/null\nif [ $? != 0 ] ; then\n    # print error to STDERR\n    echo \"error: The sandbox is not in sync with the Podfile.lock. Run 'pod install' or update your CocoaPods installation.\" >&2\n    exit 1\nfi\n# This output is used by Xcode 'outputs' to avoid re-running this script phase.\necho \"SUCCESS\" > \"${SCRIPT_OUTPUT_FILE_0}\"\n";
			showEnvVarsInLog = 0;
		};
		434DAC9AFAC972C69558ECDB /* [CP] Embed Pods Frameworks */ = {
			isa = PBXShellScriptBuildPhase;
			buildActionMask = 2147483647;
			files = (
			);
			inputPaths = (
				"${SRCROOT}/Pods/Target Support Files/Pods-CF Apps UITests/Pods-CF Apps UITests-frameworks.sh",
				"${BUILT_PRODUCTS_DIR}/Alamofire/Alamofire.framework",
				"${BUILT_PRODUCTS_DIR}/AlamofireObjectMapper/AlamofireObjectMapper.framework",
				"${BUILT_PRODUCTS_DIR}/CFoundry/CFoundry.framework",
				"${BUILT_PRODUCTS_DIR}/Locksmith/Locksmith.framework",
				"${BUILT_PRODUCTS_DIR}/ObjectMapper/ObjectMapper.framework",
				"${BUILT_PRODUCTS_DIR}/ProtocolBuffers-Swift/ProtocolBuffers.framework",
				"${BUILT_PRODUCTS_DIR}/SwiftWebSocket/SwiftWebSocket.framework",
				"${BUILT_PRODUCTS_DIR}/SwiftyJSON/SwiftyJSON.framework",
				"${BUILT_PRODUCTS_DIR}/Swifter/Swifter.framework",
			);
			name = "[CP] Embed Pods Frameworks";
			outputPaths = (
				"${TARGET_BUILD_DIR}/${FRAMEWORKS_FOLDER_PATH}/Alamofire.framework",
				"${TARGET_BUILD_DIR}/${FRAMEWORKS_FOLDER_PATH}/AlamofireObjectMapper.framework",
				"${TARGET_BUILD_DIR}/${FRAMEWORKS_FOLDER_PATH}/CFoundry.framework",
				"${TARGET_BUILD_DIR}/${FRAMEWORKS_FOLDER_PATH}/Locksmith.framework",
				"${TARGET_BUILD_DIR}/${FRAMEWORKS_FOLDER_PATH}/ObjectMapper.framework",
				"${TARGET_BUILD_DIR}/${FRAMEWORKS_FOLDER_PATH}/ProtocolBuffers.framework",
				"${TARGET_BUILD_DIR}/${FRAMEWORKS_FOLDER_PATH}/SwiftWebSocket.framework",
				"${TARGET_BUILD_DIR}/${FRAMEWORKS_FOLDER_PATH}/SwiftyJSON.framework",
				"${TARGET_BUILD_DIR}/${FRAMEWORKS_FOLDER_PATH}/Swifter.framework",
			);
			runOnlyForDeploymentPostprocessing = 0;
			shellPath = /bin/sh;
			shellScript = "\"${SRCROOT}/Pods/Target Support Files/Pods-CF Apps UITests/Pods-CF Apps UITests-frameworks.sh\"\n";
			showEnvVarsInLog = 0;
		};
		8FE1051A836C8F11092E6E20 /* [CP] Embed Pods Frameworks */ = {
			isa = PBXShellScriptBuildPhase;
			buildActionMask = 2147483647;
			files = (
			);
			inputPaths = (
				"${SRCROOT}/Pods/Target Support Files/Pods-CF Apps/Pods-CF Apps-frameworks.sh",
				"${BUILT_PRODUCTS_DIR}/ActionSheetPicker-3.0/ActionSheetPicker_3_0.framework",
				"${BUILT_PRODUCTS_DIR}/Alamofire/Alamofire.framework",
				"${BUILT_PRODUCTS_DIR}/AlamofireObjectMapper/AlamofireObjectMapper.framework",
				"${BUILT_PRODUCTS_DIR}/CFoundry/CFoundry.framework",
				"${BUILT_PRODUCTS_DIR}/Locksmith/Locksmith.framework",
				"${BUILT_PRODUCTS_DIR}/ObjectMapper/ObjectMapper.framework",
				"${BUILT_PRODUCTS_DIR}/ProtocolBuffers-Swift/ProtocolBuffers.framework",
				"${BUILT_PRODUCTS_DIR}/SwiftWebSocket/SwiftWebSocket.framework",
				"${BUILT_PRODUCTS_DIR}/SwiftyJSON/SwiftyJSON.framework",
			);
			name = "[CP] Embed Pods Frameworks";
			outputPaths = (
				"${TARGET_BUILD_DIR}/${FRAMEWORKS_FOLDER_PATH}/ActionSheetPicker_3_0.framework",
				"${TARGET_BUILD_DIR}/${FRAMEWORKS_FOLDER_PATH}/Alamofire.framework",
				"${TARGET_BUILD_DIR}/${FRAMEWORKS_FOLDER_PATH}/AlamofireObjectMapper.framework",
				"${TARGET_BUILD_DIR}/${FRAMEWORKS_FOLDER_PATH}/CFoundry.framework",
				"${TARGET_BUILD_DIR}/${FRAMEWORKS_FOLDER_PATH}/Locksmith.framework",
				"${TARGET_BUILD_DIR}/${FRAMEWORKS_FOLDER_PATH}/ObjectMapper.framework",
				"${TARGET_BUILD_DIR}/${FRAMEWORKS_FOLDER_PATH}/ProtocolBuffers.framework",
				"${TARGET_BUILD_DIR}/${FRAMEWORKS_FOLDER_PATH}/SwiftWebSocket.framework",
				"${TARGET_BUILD_DIR}/${FRAMEWORKS_FOLDER_PATH}/SwiftyJSON.framework",
			);
			runOnlyForDeploymentPostprocessing = 0;
			shellPath = /bin/sh;
			shellScript = "\"${SRCROOT}/Pods/Target Support Files/Pods-CF Apps/Pods-CF Apps-frameworks.sh\"\n";
			showEnvVarsInLog = 0;
		};
/* End PBXShellScriptBuildPhase section */

/* Begin PBXSourcesBuildPhase section */
		651C84721B2A7FB50006DC3A /* Sources */ = {
			isa = PBXSourcesBuildPhase;
			buildActionMask = 2147483647;
			files = (
				655B442E1B5305FD009ED489 /* AppsViewController.swift in Sources */,
				65782EEA1BC08A510005040F /* InstancesViewController.swift in Sources */,
				6512BC9F1D27355500FD87EB /* VendorPicker.swift in Sources */,
				65107D6720A6A15F0078BEB5 /* AccountStore.swift in Sources */,
				65DF28A71BEEF11F0081B834 /* ServicesViewController.swift in Sources */,
				655B44401B530E1A009ED489 /* LoginViewController.swift in Sources */,
				65671C331B97D858003F4DC9 /* AppViewController.swift in Sources */,
				D85E455A1D4E68A70084FCD3 /* Vendor.swift in Sources */,
				65EE6FCE1B4712B30047519D /* AppDelegate.swift in Sources */,
				654C879B1C1A4A4500C0C79C /* OrgPicker.swift in Sources */,
				65107D6820A6A15F0078BEB5 /* CFStore.xcdatamodeld in Sources */,
				65107D6A20A6A2FB0078BEB5 /* Session.swift in Sources */,
				D821273F1CF2787E0053E6B2 /* EventsViewController.swift in Sources */,
				65B0317020300C29001CA690 /* String.swift in Sources */,
				6568AD881D2B295500502051 /* AccountsViewController.swift in Sources */,
				65414EA61CA7610900B17589 /* LogsViewController.swift in Sources */,
				65F523671D17357A00EA4F0E /* LoadingIndicatorView.swift in Sources */,
				65ABCB181D17256800268563 /* AppTableViewCell.swift in Sources */,
				654C207D1D581E4A00B99276 /* Alert.swift in Sources */,
			);
			runOnlyForDeploymentPostprocessing = 0;
		};
		651C848A1B2A7FB60006DC3A /* Sources */ = {
			isa = PBXSourcesBuildPhase;
			buildActionMask = 2147483647;
			files = (
				65C8E1E81CB06401004FD199 /* LoginViewControllerTests.swift in Sources */,
				65C942751D695BE400C4D9B0 /* StringTests.swift in Sources */,
				652CA1C31CB200E3004B714A /* LogsViewControllerTests.swift in Sources */,
				D85E455C1D4E6EAD0084FCD3 /* VendorsTests.swift in Sources */,
				653CC9751CBAD5A700315E22 /* AppDelegateTests.swift in Sources */,
			);
			runOnlyForDeploymentPostprocessing = 0;
		};
		65E2101A20B2FFB400B40F1C /* Sources */ = {
			isa = PBXSourcesBuildPhase;
			buildActionMask = 2147483647;
			files = (
				65E2102120B2FFB500B40F1C /* CF_Apps_UITests.swift in Sources */,
			);
			runOnlyForDeploymentPostprocessing = 0;
		};
/* End PBXSourcesBuildPhase section */

/* Begin PBXTargetDependency section */
		651C84901B2A7FB60006DC3A /* PBXTargetDependency */ = {
			isa = PBXTargetDependency;
			target = 651C84751B2A7FB50006DC3A /* CF Apps */;
			targetProxy = 651C848F1B2A7FB60006DC3A /* PBXContainerItemProxy */;
		};
		65E2102420B2FFB500B40F1C /* PBXTargetDependency */ = {
			isa = PBXTargetDependency;
			target = 651C84751B2A7FB50006DC3A /* CF Apps */;
			targetProxy = 65E2102320B2FFB500B40F1C /* PBXContainerItemProxy */;
		};
/* End PBXTargetDependency section */

/* Begin PBXVariantGroup section */
		65EE6FD91B4713E80047519D /* LaunchScreen.xib */ = {
			isa = PBXVariantGroup;
			children = (
				65EE6FDA1B4713E80047519D /* Base */,
			);
			name = LaunchScreen.xib;
			sourceTree = "<group>";
		};
		65EE6FDB1B4713E80047519D /* Main.storyboard */ = {
			isa = PBXVariantGroup;
			children = (
				65EE6FDC1B4713E80047519D /* Base */,
			);
			name = Main.storyboard;
			sourceTree = "<group>";
		};
/* End PBXVariantGroup section */

/* Begin XCBuildConfiguration section */
		651C84961B2A7FB60006DC3A /* Debug */ = {
			isa = XCBuildConfiguration;
			buildSettings = {
				ALWAYS_SEARCH_USER_PATHS = NO;
				CLANG_CXX_LANGUAGE_STANDARD = "gnu++0x";
				CLANG_CXX_LIBRARY = "libc++";
				CLANG_ENABLE_MODULES = YES;
				CLANG_ENABLE_OBJC_ARC = YES;
				CLANG_WARN_BLOCK_CAPTURE_AUTORELEASING = YES;
				CLANG_WARN_BOOL_CONVERSION = YES;
				CLANG_WARN_COMMA = YES;
				CLANG_WARN_CONSTANT_CONVERSION = YES;
				CLANG_WARN_DIRECT_OBJC_ISA_USAGE = YES_ERROR;
				CLANG_WARN_EMPTY_BODY = YES;
				CLANG_WARN_ENUM_CONVERSION = YES;
				CLANG_WARN_INFINITE_RECURSION = YES;
				CLANG_WARN_INT_CONVERSION = YES;
				CLANG_WARN_NON_LITERAL_NULL_CONVERSION = YES;
				CLANG_WARN_OBJC_LITERAL_CONVERSION = YES;
				CLANG_WARN_OBJC_ROOT_CLASS = YES_ERROR;
				CLANG_WARN_RANGE_LOOP_ANALYSIS = YES;
				CLANG_WARN_STRICT_PROTOTYPES = YES;
				CLANG_WARN_SUSPICIOUS_MOVE = YES;
				CLANG_WARN_UNREACHABLE_CODE = YES;
				CLANG_WARN__DUPLICATE_METHOD_MATCH = YES;
				"CODE_SIGN_IDENTITY[sdk=iphoneos*]" = "iPhone Developer";
				COPY_PHASE_STRIP = NO;
				DEBUG_INFORMATION_FORMAT = "dwarf-with-dsym";
				ENABLE_STRICT_OBJC_MSGSEND = YES;
				ENABLE_TESTABILITY = YES;
				GCC_C_LANGUAGE_STANDARD = gnu99;
				GCC_DYNAMIC_NO_PIC = NO;
				GCC_NO_COMMON_BLOCKS = YES;
				GCC_OPTIMIZATION_LEVEL = 0;
				GCC_PREPROCESSOR_DEFINITIONS = (
					"DEBUG=1",
					"$(inherited)",
				);
				GCC_SYMBOLS_PRIVATE_EXTERN = NO;
				GCC_WARN_64_TO_32_BIT_CONVERSION = YES;
				GCC_WARN_ABOUT_RETURN_TYPE = YES_ERROR;
				GCC_WARN_UNDECLARED_SELECTOR = YES;
				GCC_WARN_UNINITIALIZED_AUTOS = YES_AGGRESSIVE;
				GCC_WARN_UNUSED_FUNCTION = YES;
				GCC_WARN_UNUSED_VARIABLE = YES;
				IPHONEOS_DEPLOYMENT_TARGET = 9.0;
				MTL_ENABLE_DEBUG_INFO = YES;
				ONLY_ACTIVE_ARCH = YES;
				SDKROOT = iphoneos;
				SWIFT_OPTIMIZATION_LEVEL = "-Onone";
				SWIFT_VERSION = 4.0;
				TARGETED_DEVICE_FAMILY = "1,2";
			};
			name = Debug;
		};
		651C84971B2A7FB60006DC3A /* Release */ = {
			isa = XCBuildConfiguration;
			buildSettings = {
				ALWAYS_SEARCH_USER_PATHS = NO;
				CLANG_CXX_LANGUAGE_STANDARD = "gnu++0x";
				CLANG_CXX_LIBRARY = "libc++";
				CLANG_ENABLE_MODULES = YES;
				CLANG_ENABLE_OBJC_ARC = YES;
				CLANG_WARN_BLOCK_CAPTURE_AUTORELEASING = YES;
				CLANG_WARN_BOOL_CONVERSION = YES;
				CLANG_WARN_COMMA = YES;
				CLANG_WARN_CONSTANT_CONVERSION = YES;
				CLANG_WARN_DIRECT_OBJC_ISA_USAGE = YES_ERROR;
				CLANG_WARN_EMPTY_BODY = YES;
				CLANG_WARN_ENUM_CONVERSION = YES;
				CLANG_WARN_INFINITE_RECURSION = YES;
				CLANG_WARN_INT_CONVERSION = YES;
				CLANG_WARN_NON_LITERAL_NULL_CONVERSION = YES;
				CLANG_WARN_OBJC_LITERAL_CONVERSION = YES;
				CLANG_WARN_OBJC_ROOT_CLASS = YES_ERROR;
				CLANG_WARN_RANGE_LOOP_ANALYSIS = YES;
				CLANG_WARN_STRICT_PROTOTYPES = YES;
				CLANG_WARN_SUSPICIOUS_MOVE = YES;
				CLANG_WARN_UNREACHABLE_CODE = YES;
				CLANG_WARN__DUPLICATE_METHOD_MATCH = YES;
				"CODE_SIGN_IDENTITY[sdk=iphoneos*]" = "iPhone Developer";
				COPY_PHASE_STRIP = NO;
				DEBUG_INFORMATION_FORMAT = "dwarf-with-dsym";
				ENABLE_NS_ASSERTIONS = NO;
				ENABLE_STRICT_OBJC_MSGSEND = YES;
				GCC_C_LANGUAGE_STANDARD = gnu99;
				GCC_NO_COMMON_BLOCKS = YES;
				GCC_WARN_64_TO_32_BIT_CONVERSION = YES;
				GCC_WARN_ABOUT_RETURN_TYPE = YES_ERROR;
				GCC_WARN_UNDECLARED_SELECTOR = YES;
				GCC_WARN_UNINITIALIZED_AUTOS = YES_AGGRESSIVE;
				GCC_WARN_UNUSED_FUNCTION = YES;
				GCC_WARN_UNUSED_VARIABLE = YES;
				IPHONEOS_DEPLOYMENT_TARGET = 9.0;
				MTL_ENABLE_DEBUG_INFO = NO;
				SDKROOT = iphoneos;
				SWIFT_OPTIMIZATION_LEVEL = "-Owholemodule";
				SWIFT_VERSION = 4.0;
				TARGETED_DEVICE_FAMILY = "1,2";
				VALIDATE_PRODUCT = YES;
			};
			name = Release;
		};
		651C84991B2A7FB60006DC3A /* Debug */ = {
			isa = XCBuildConfiguration;
			baseConfigurationReference = 2312A5DE6F7BD2149BCFE9E7 /* Pods-CF Apps.debug.xcconfig */;
			buildSettings = {
				ASSETCATALOG_COMPILER_APPICON_NAME = AppIcon;
				CODE_SIGN_IDENTITY = "iPhone Developer";
				"CODE_SIGN_IDENTITY[sdk=iphoneos*]" = "iPhone Developer";
				INFOPLIST_FILE = "$(SRCROOT)/CF Apps/Supporting Files/Info.plist";
				IPHONEOS_DEPLOYMENT_TARGET = 9.0;
				LD_RUNPATH_SEARCH_PATHS = "$(inherited) @executable_path/Frameworks";
				PRODUCT_BUNDLE_IDENTIFIER = "com.dwayneforde.$(PRODUCT_NAME:rfc1034identifier)";
				PRODUCT_NAME = "$(TARGET_NAME)";
				PROVISIONING_PROFILE = "";
				SWIFT_VERSION = 4.0;
				TARGETED_DEVICE_FAMILY = "1,2";
			};
			name = Debug;
		};
		651C849A1B2A7FB60006DC3A /* Release */ = {
			isa = XCBuildConfiguration;
			baseConfigurationReference = D97DFC5CE063B721BBA89761 /* Pods-CF Apps.release.xcconfig */;
			buildSettings = {
				ASSETCATALOG_COMPILER_APPICON_NAME = AppIcon;
				CODE_SIGN_IDENTITY = "iPhone Developer";
				"CODE_SIGN_IDENTITY[sdk=iphoneos*]" = "iPhone Developer";
				INFOPLIST_FILE = "$(SRCROOT)/CF Apps/Supporting Files/Info.plist";
				IPHONEOS_DEPLOYMENT_TARGET = 9.0;
				LD_RUNPATH_SEARCH_PATHS = "$(inherited) @executable_path/Frameworks";
				PRODUCT_BUNDLE_IDENTIFIER = "com.dwayneforde.$(PRODUCT_NAME:rfc1034identifier)";
				PRODUCT_NAME = "$(TARGET_NAME)";
				PROVISIONING_PROFILE = "";
				SWIFT_VERSION = 4.0;
				TARGETED_DEVICE_FAMILY = "1,2";
			};
			name = Release;
		};
		651C849C1B2A7FB60006DC3A /* Debug */ = {
			isa = XCBuildConfiguration;
			buildSettings = {
				ALWAYS_EMBED_SWIFT_STANDARD_LIBRARIES = "$(inherited)";
				BUNDLE_LOADER = "$(TEST_HOST)";
				CLANG_ENABLE_MODULES = YES;
				CODE_SIGN_IDENTITY = "iPhone Developer";
				"CODE_SIGN_IDENTITY[sdk=iphoneos*]" = "iPhone Developer";
				GCC_PREPROCESSOR_DEFINITIONS = (
					"DEBUG=1",
					"$(inherited)",
				);
				INFOPLIST_FILE = "CF AppsTests/Info.plist";
				LD_RUNPATH_SEARCH_PATHS = "$(inherited) @executable_path/Frameworks @loader_path/Frameworks";
				PRODUCT_BUNDLE_IDENTIFIER = "com.dwayneforde.$(PRODUCT_NAME:rfc1034identifier)";
				PRODUCT_NAME = "$(TARGET_NAME)";
				PROVISIONING_PROFILE = "";
				SWIFT_INSTALL_OBJC_HEADER = NO;
				SWIFT_OPTIMIZATION_LEVEL = "-Onone";
				SWIFT_VERSION = 4.0;
				TEST_HOST = "$(BUILT_PRODUCTS_DIR)/CF Apps.app/CF Apps";
			};
			name = Debug;
		};
		651C849D1B2A7FB60006DC3A /* Release */ = {
			isa = XCBuildConfiguration;
			buildSettings = {
				ALWAYS_EMBED_SWIFT_STANDARD_LIBRARIES = "$(inherited)";
				BUNDLE_LOADER = "$(TEST_HOST)";
				CLANG_ENABLE_MODULES = YES;
				CODE_SIGN_IDENTITY = "iPhone Developer";
				"CODE_SIGN_IDENTITY[sdk=iphoneos*]" = "iPhone Developer";
				INFOPLIST_FILE = "CF AppsTests/Info.plist";
				LD_RUNPATH_SEARCH_PATHS = "$(inherited) @executable_path/Frameworks @loader_path/Frameworks";
				PRODUCT_BUNDLE_IDENTIFIER = "com.dwayneforde.$(PRODUCT_NAME:rfc1034identifier)";
				PRODUCT_NAME = "$(TARGET_NAME)";
				PROVISIONING_PROFILE = "";
				SWIFT_INSTALL_OBJC_HEADER = NO;
				SWIFT_VERSION = 4.0;
				TEST_HOST = "$(BUILT_PRODUCTS_DIR)/CF Apps.app/CF Apps";
			};
			name = Release;
		};
		65E2102520B2FFB500B40F1C /* Debug */ = {
			isa = XCBuildConfiguration;
			baseConfigurationReference = 2AB6733ECB9EC4230FB18E6D /* Pods-CF Apps UITests.debug.xcconfig */;
			buildSettings = {
				CLANG_ANALYZER_NONNULL = YES;
				CLANG_ANALYZER_NUMBER_OBJECT_CONVERSION = YES_AGGRESSIVE;
				CLANG_CXX_LANGUAGE_STANDARD = "gnu++14";
				CLANG_ENABLE_OBJC_WEAK = YES;
				CLANG_WARN_DEPRECATED_OBJC_IMPLEMENTATIONS = YES;
				CLANG_WARN_DOCUMENTATION_COMMENTS = YES;
				CLANG_WARN_OBJC_IMPLICIT_RETAIN_SELF = YES;
				CLANG_WARN_UNGUARDED_AVAILABILITY = YES_AGGRESSIVE;
				CODE_SIGN_IDENTITY = "iPhone Developer";
				CODE_SIGN_STYLE = Automatic;
				DEBUG_INFORMATION_FORMAT = dwarf;
				DEVELOPMENT_TEAM = 4CPT54BT54;
				GCC_C_LANGUAGE_STANDARD = gnu11;
				INFOPLIST_FILE = "CF Apps UITests/Info.plist";
				IPHONEOS_DEPLOYMENT_TARGET = 11.3;
				LD_RUNPATH_SEARCH_PATHS = "$(inherited) @executable_path/Frameworks @loader_path/Frameworks";
				PRODUCT_BUNDLE_IDENTIFIER = "com.dwayneforde.CF-Apps-UITests";
				PRODUCT_NAME = "$(TARGET_NAME)";
				SWIFT_ACTIVE_COMPILATION_CONDITIONS = DEBUG;
				SWIFT_VERSION = 4.0;
				TARGETED_DEVICE_FAMILY = "1,2";
				TEST_TARGET_NAME = "CF Apps";
			};
			name = Debug;
		};
		65E2102620B2FFB500B40F1C /* Release */ = {
			isa = XCBuildConfiguration;
			baseConfigurationReference = 7F2E50BFA82639DC15FAA7BE /* Pods-CF Apps UITests.release.xcconfig */;
			buildSettings = {
				CLANG_ANALYZER_NONNULL = YES;
				CLANG_ANALYZER_NUMBER_OBJECT_CONVERSION = YES_AGGRESSIVE;
				CLANG_CXX_LANGUAGE_STANDARD = "gnu++14";
				CLANG_ENABLE_OBJC_WEAK = YES;
				CLANG_WARN_DEPRECATED_OBJC_IMPLEMENTATIONS = YES;
				CLANG_WARN_DOCUMENTATION_COMMENTS = YES;
				CLANG_WARN_OBJC_IMPLICIT_RETAIN_SELF = YES;
				CLANG_WARN_UNGUARDED_AVAILABILITY = YES_AGGRESSIVE;
				CODE_SIGN_IDENTITY = "iPhone Developer";
				CODE_SIGN_STYLE = Automatic;
				DEVELOPMENT_TEAM = 4CPT54BT54;
				GCC_C_LANGUAGE_STANDARD = gnu11;
				INFOPLIST_FILE = "CF Apps UITests/Info.plist";
				IPHONEOS_DEPLOYMENT_TARGET = 11.3;
				LD_RUNPATH_SEARCH_PATHS = "$(inherited) @executable_path/Frameworks @loader_path/Frameworks";
				PRODUCT_BUNDLE_IDENTIFIER = "com.dwayneforde.CF-Apps-UITests";
				PRODUCT_NAME = "$(TARGET_NAME)";
				SWIFT_VERSION = 4.0;
				TARGETED_DEVICE_FAMILY = "1,2";
				TEST_TARGET_NAME = "CF Apps";
			};
			name = Release;
		};
/* End XCBuildConfiguration section */

/* Begin XCConfigurationList section */
		651C84711B2A7FB50006DC3A /* Build configuration list for PBXProject "CF Apps" */ = {
			isa = XCConfigurationList;
			buildConfigurations = (
				651C84961B2A7FB60006DC3A /* Debug */,
				651C84971B2A7FB60006DC3A /* Release */,
			);
			defaultConfigurationIsVisible = 0;
			defaultConfigurationName = Release;
		};
		651C84981B2A7FB60006DC3A /* Build configuration list for PBXNativeTarget "CF Apps" */ = {
			isa = XCConfigurationList;
			buildConfigurations = (
				651C84991B2A7FB60006DC3A /* Debug */,
				651C849A1B2A7FB60006DC3A /* Release */,
			);
			defaultConfigurationIsVisible = 0;
			defaultConfigurationName = Release;
		};
		651C849B1B2A7FB60006DC3A /* Build configuration list for PBXNativeTarget "CF Apps Tests" */ = {
			isa = XCConfigurationList;
			buildConfigurations = (
				651C849C1B2A7FB60006DC3A /* Debug */,
				651C849D1B2A7FB60006DC3A /* Release */,
			);
			defaultConfigurationIsVisible = 0;
			defaultConfigurationName = Release;
		};
		65E2102720B2FFB500B40F1C /* Build configuration list for PBXNativeTarget "CF Apps UITests" */ = {
			isa = XCConfigurationList;
			buildConfigurations = (
				65E2102520B2FFB500B40F1C /* Debug */,
				65E2102620B2FFB500B40F1C /* Release */,
			);
			defaultConfigurationIsVisible = 0;
			defaultConfigurationName = Release;
		};
/* End XCConfigurationList section */

/* Begin XCVersionGroup section */
		65107D6520A6A15E0078BEB5 /* CFStore.xcdatamodeld */ = {
			isa = XCVersionGroup;
			children = (
				65107D6620A6A15E0078BEB5 /* CFStore.xcdatamodel */,
			);
			currentVersion = 65107D6620A6A15E0078BEB5 /* CFStore.xcdatamodel */;
			path = CFStore.xcdatamodeld;
			sourceTree = "<group>";
			versionGroupType = wrapper.xcdatamodel;
		};
/* End XCVersionGroup section */
	};
	rootObject = 651C846E1B2A7FB50006DC3A /* Project object */;
}
